// !$*UTF8*$!
{
	archiveVersion = 1;
	classes = {
	};
	objectVersion = 56;
	objects = {

/* Begin PBXBuildFile section */
		843AE74C2BA46BAD00EB2881 /* FirebaseFirestore in Frameworks */ = {isa = PBXBuildFile; productRef = 843AE74B2BA46BAD00EB2881 /* FirebaseFirestore */; };
		8492B5D42BA45A9300129A19 /* InputView.swift in Sources */ = {isa = PBXBuildFile; fileRef = 8492B5D32BA45A9300129A19 /* InputView.swift */; };
		8492B5D62BA4628900129A19 /* HomeView.swift in Sources */ = {isa = PBXBuildFile; fileRef = 8492B5D52BA4628900129A19 /* HomeView.swift */; };
		8492B5D82BA466E900129A19 /* SettingRowView.swift in Sources */ = {isa = PBXBuildFile; fileRef = 8492B5D72BA466E900129A19 /* SettingRowView.swift */; };
		8492B5DB2BA468C600129A19 /* User.swift in Sources */ = {isa = PBXBuildFile; fileRef = 8492B5DA2BA468C600129A19 /* User.swift */; };
		84B0C0B92BA445BC00109365 /* IosFirebaseLoginApp.swift in Sources */ = {isa = PBXBuildFile; fileRef = 84B0C0B82BA445BC00109365 /* IosFirebaseLoginApp.swift */; };
		84B0C0BB2BA445BC00109365 /* LoginView.swift in Sources */ = {isa = PBXBuildFile; fileRef = 84B0C0BA2BA445BC00109365 /* LoginView.swift */; };
		84B0C0BD2BA445BD00109365 /* Assets.xcassets in Resources */ = {isa = PBXBuildFile; fileRef = 84B0C0BC2BA445BD00109365 /* Assets.xcassets */; };
		84B0C0C02BA445BD00109365 /* Preview Assets.xcassets in Resources */ = {isa = PBXBuildFile; fileRef = 84B0C0BF2BA445BD00109365 /* Preview Assets.xcassets */; };
		84D25B1F2BA4518300CB044D /* FirebaseAnalyticsSwift in Frameworks */ = {isa = PBXBuildFile; productRef = 84D25B1E2BA4518300CB044D /* FirebaseAnalyticsSwift */; };
		84D25B212BA4518300CB044D /* FirebaseAuth in Frameworks */ = {isa = PBXBuildFile; productRef = 84D25B202BA4518300CB044D /* FirebaseAuth */; };
		84D25B232BA4518300CB044D /* FirebaseFirestoreSwift in Frameworks */ = {isa = PBXBuildFile; productRef = 84D25B222BA4518300CB044D /* FirebaseFirestoreSwift */; };
		84D25B252BA4526A00CB044D /* GoogleService-Info.plist in Resources */ = {isa = PBXBuildFile; fileRef = 84D25B242BA4526A00CB044D /* GoogleService-Info.plist */; };
		84D25B282BA452F300CB044D /* GoogleSignInSwift in Frameworks */ = {isa = PBXBuildFile; productRef = 84D25B272BA452F300CB044D /* GoogleSignInSwift */; };
		84D25B2C2BA4575300CB044D /* ForgotPasswordView.swift in Sources */ = {isa = PBXBuildFile; fileRef = 84D25B2B2BA4575300CB044D /* ForgotPasswordView.swift */; };
		84D25B2E2BA4585C00CB044D /* SignupView.swift in Sources */ = {isa = PBXBuildFile; fileRef = 84D25B2D2BA4585C00CB044D /* SignupView.swift */; };
/* End PBXBuildFile section */

/* Begin PBXFileReference section */
		8492B5D32BA45A9300129A19 /* InputView.swift */ = {isa = PBXFileReference; lastKnownFileType = sourcecode.swift; path = InputView.swift; sourceTree = "<group>"; };
		8492B5D52BA4628900129A19 /* HomeView.swift */ = {isa = PBXFileReference; lastKnownFileType = sourcecode.swift; path = HomeView.swift; sourceTree = "<group>"; };
		8492B5D72BA466E900129A19 /* SettingRowView.swift */ = {isa = PBXFileReference; lastKnownFileType = sourcecode.swift; path = SettingRowView.swift; sourceTree = "<group>"; };
		8492B5DA2BA468C600129A19 /* User.swift */ = {isa = PBXFileReference; lastKnownFileType = sourcecode.swift; path = User.swift; sourceTree = "<group>"; };
		84B0C0B52BA445BC00109365 /* IosFirebaseLogin.app */ = {isa = PBXFileReference; explicitFileType = wrapper.application; includeInIndex = 0; path = IosFirebaseLogin.app; sourceTree = BUILT_PRODUCTS_DIR; };
		84B0C0B82BA445BC00109365 /* IosFirebaseLoginApp.swift */ = {isa = PBXFileReference; lastKnownFileType = sourcecode.swift; path = IosFirebaseLoginApp.swift; sourceTree = "<group>"; };
		84B0C0BA2BA445BC00109365 /* LoginView.swift */ = {isa = PBXFileReference; lastKnownFileType = sourcecode.swift; path = LoginView.swift; sourceTree = "<group>"; };
		84B0C0BC2BA445BD00109365 /* Assets.xcassets */ = {isa = PBXFileReference; lastKnownFileType = folder.assetcatalog; path = Assets.xcassets; sourceTree = "<group>"; };
		84B0C0BF2BA445BD00109365 /* Preview Assets.xcassets */ = {isa = PBXFileReference; lastKnownFileType = folder.assetcatalog; path = "Preview Assets.xcassets"; sourceTree = "<group>"; };
		84D25B242BA4526A00CB044D /* GoogleService-Info.plist */ = {isa = PBXFileReference; fileEncoding = 4; lastKnownFileType = text.plist.xml; path = "GoogleService-Info.plist"; sourceTree = "<group>"; };
		84D25B2B2BA4575300CB044D /* ForgotPasswordView.swift */ = {isa = PBXFileReference; lastKnownFileType = sourcecode.swift; path = ForgotPasswordView.swift; sourceTree = "<group>"; };
		84D25B2D2BA4585C00CB044D /* SignupView.swift */ = {isa = PBXFileReference; lastKnownFileType = sourcecode.swift; path = SignupView.swift; sourceTree = "<group>"; };
/* End PBXFileReference section */

/* Begin PBXFrameworksBuildPhase section */
		84B0C0B22BA445BC00109365 /* Frameworks */ = {
			isa = PBXFrameworksBuildPhase;
			buildActionMask = 2147483647;
			files = (
				84D25B1F2BA4518300CB044D /* FirebaseAnalyticsSwift in Frameworks */,
				84D25B212BA4518300CB044D /* FirebaseAuth in Frameworks */,
				84D25B232BA4518300CB044D /* FirebaseFirestoreSwift in Frameworks */,
				843AE74C2BA46BAD00EB2881 /* FirebaseFirestore in Frameworks */,
				84D25B282BA452F300CB044D /* GoogleSignInSwift in Frameworks */,
			);
			runOnlyForDeploymentPostprocessing = 0;
		};
/* End PBXFrameworksBuildPhase section */

/* Begin PBXGroup section */
		8421632D2BA458C20091778F /* presentation */ = {
			isa = PBXGroup;
			children = (
				8492B5D92BA468B100129A19 /* model */,
				8492B5D22BA45A8000129A19 /* view */,
				8421632E2BA458CB0091778F /* screens */,
				84B0C0B82BA445BC00109365 /* IosFirebaseLoginApp.swift */,
			);
			path = presentation;
			sourceTree = "<group>";
		};
		8421632E2BA458CB0091778F /* screens */ = {
			isa = PBXGroup;
			children = (
				84B0C0BA2BA445BC00109365 /* LoginView.swift */,
				84D25B2B2BA4575300CB044D /* ForgotPasswordView.swift */,
				84D25B2D2BA4585C00CB044D /* SignupView.swift */,
				8492B5D52BA4628900129A19 /* HomeView.swift */,
			);
			path = screens;
			sourceTree = "<group>";
		};
		8492B5D22BA45A8000129A19 /* view */ = {
			isa = PBXGroup;
			children = (
				8492B5D32BA45A9300129A19 /* InputView.swift */,
				8492B5D72BA466E900129A19 /* SettingRowView.swift */,
			);
			path = view;
			sourceTree = "<group>";
		};
		8492B5D92BA468B100129A19 /* model */ = {
			isa = PBXGroup;
			children = (
				8492B5DA2BA468C600129A19 /* User.swift */,
			);
			path = model;
			sourceTree = "<group>";
		};
		84B0C0AC2BA445BC00109365 = {
			isa = PBXGroup;
			children = (
				84B0C0B72BA445BC00109365 /* IosFirebaseLogin */,
				84B0C0B62BA445BC00109365 /* Products */,
			);
			sourceTree = "<group>";
		};
		84B0C0B62BA445BC00109365 /* Products */ = {
			isa = PBXGroup;
			children = (
				84B0C0B52BA445BC00109365 /* IosFirebaseLogin.app */,
			);
			name = Products;
			sourceTree = "<group>";
		};
		84B0C0B72BA445BC00109365 /* IosFirebaseLogin */ = {
			isa = PBXGroup;
			children = (
				8421632D2BA458C20091778F /* presentation */,
				84D25B242BA4526A00CB044D /* GoogleService-Info.plist */,
				84B0C0BC2BA445BD00109365 /* Assets.xcassets */,
				84B0C0BE2BA445BD00109365 /* Preview Content */,
			);
			path = IosFirebaseLogin;
			sourceTree = "<group>";
		};
		84B0C0BE2BA445BD00109365 /* Preview Content */ = {
			isa = PBXGroup;
			children = (
				84B0C0BF2BA445BD00109365 /* Preview Assets.xcassets */,
			);
			path = "Preview Content";
			sourceTree = "<group>";
		};
/* End PBXGroup section */

/* Begin PBXNativeTarget section */
		84B0C0B42BA445BC00109365 /* IosFirebaseLogin */ = {
			isa = PBXNativeTarget;
			buildConfigurationList = 84B0C0C32BA445BD00109365 /* Build configuration list for PBXNativeTarget "IosFirebaseLogin" */;
			buildPhases = (
				84B0C0B12BA445BC00109365 /* Sources */,
				84B0C0B22BA445BC00109365 /* Frameworks */,
				84B0C0B32BA445BC00109365 /* Resources */,
			);
			buildRules = (
			);
			dependencies = (
			);
			name = IosFirebaseLogin;
			packageProductDependencies = (
				84D25B1E2BA4518300CB044D /* FirebaseAnalyticsSwift */,
				84D25B202BA4518300CB044D /* FirebaseAuth */,
				84D25B222BA4518300CB044D /* FirebaseFirestoreSwift */,
				84D25B272BA452F300CB044D /* GoogleSignInSwift */,
				843AE74B2BA46BAD00EB2881 /* FirebaseFirestore */,
			);
			productName = IosFirebaseLogin;
			productReference = 84B0C0B52BA445BC00109365 /* IosFirebaseLogin.app */;
			productType = "com.apple.product-type.application";
		};
/* End PBXNativeTarget section */

/* Begin PBXProject section */
		84B0C0AD2BA445BC00109365 /* Project object */ = {
			isa = PBXProject;
			attributes = {
				BuildIndependentTargetsInParallel = 1;
				LastSwiftUpdateCheck = 1530;
				LastUpgradeCheck = 1530;
				TargetAttributes = {
					84B0C0B42BA445BC00109365 = {
						CreatedOnToolsVersion = 15.3;
					};
				};
			};
			buildConfigurationList = 84B0C0B02BA445BC00109365 /* Build configuration list for PBXProject "IosFirebaseLogin" */;
			compatibilityVersion = "Xcode 14.0";
			developmentRegion = en;
			hasScannedForEncodings = 0;
			knownRegions = (
				en,
				Base,
			);
			mainGroup = 84B0C0AC2BA445BC00109365;
			packageReferences = (
				84D25B1D2BA4518300CB044D /* XCRemoteSwiftPackageReference "firebase-ios-sdk" */,
				84D25B262BA452F300CB044D /* XCRemoteSwiftPackageReference "GoogleSignIn-iOS" */,
			);
			productRefGroup = 84B0C0B62BA445BC00109365 /* Products */;
			projectDirPath = "";
			projectRoot = "";
			targets = (
				84B0C0B42BA445BC00109365 /* IosFirebaseLogin */,
			);
		};
/* End PBXProject section */

/* Begin PBXResourcesBuildPhase section */
		84B0C0B32BA445BC00109365 /* Resources */ = {
			isa = PBXResourcesBuildPhase;
			buildActionMask = 2147483647;
			files = (
				84B0C0C02BA445BD00109365 /* Preview Assets.xcassets in Resources */,
				84B0C0BD2BA445BD00109365 /* Assets.xcassets in Resources */,
				84D25B252BA4526A00CB044D /* GoogleService-Info.plist in Resources */,
			);
			runOnlyForDeploymentPostprocessing = 0;
		};
/* End PBXResourcesBuildPhase section */

/* Begin PBXSourcesBuildPhase section */
		84B0C0B12BA445BC00109365 /* Sources */ = {
			isa = PBXSourcesBuildPhase;
			buildActionMask = 2147483647;
			files = (
				84B0C0BB2BA445BC00109365 /* LoginView.swift in Sources */,
				84D25B2C2BA4575300CB044D /* ForgotPasswordView.swift in Sources */,
				8492B5D82BA466E900129A19 /* SettingRowView.swift in Sources */,
				8492B5D42BA45A9300129A19 /* InputView.swift in Sources */,
				8492B5DB2BA468C600129A19 /* User.swift in Sources */,
				8492B5D62BA4628900129A19 /* HomeView.swift in Sources */,
				84B0C0B92BA445BC00109365 /* IosFirebaseLoginApp.swift in Sources */,
				84D25B2E2BA4585C00CB044D /* SignupView.swift in Sources */,
			);
			runOnlyForDeploymentPostprocessing = 0;
		};
/* End PBXSourcesBuildPhase section */

/* Begin XCBuildConfiguration section */
		84B0C0C12BA445BD00109365 /* Debug */ = {
			isa = XCBuildConfiguration;
			buildSettings = {
				ALWAYS_SEARCH_USER_PATHS = NO;
				ASSETCATALOG_COMPILER_GENERATE_SWIFT_ASSET_SYMBOL_EXTENSIONS = YES;
				CLANG_ANALYZER_NONNULL = YES;
				CLANG_ANALYZER_NUMBER_OBJECT_CONVERSION = YES_AGGRESSIVE;
				CLANG_CXX_LANGUAGE_STANDARD = "gnu++20";
				CLANG_ENABLE_MODULES = YES;
				CLANG_ENABLE_OBJC_ARC = YES;
				CLANG_ENABLE_OBJC_WEAK = YES;
				CLANG_WARN_BLOCK_CAPTURE_AUTORELEASING = YES;
				CLANG_WARN_BOOL_CONVERSION = YES;
				CLANG_WARN_COMMA = YES;
				CLANG_WARN_CONSTANT_CONVERSION = YES;
				CLANG_WARN_DEPRECATED_OBJC_IMPLEMENTATIONS = YES;
				CLANG_WARN_DIRECT_OBJC_ISA_USAGE = YES_ERROR;
				CLANG_WARN_DOCUMENTATION_COMMENTS = YES;
				CLANG_WARN_EMPTY_BODY = YES;
				CLANG_WARN_ENUM_CONVERSION = YES;
				CLANG_WARN_INFINITE_RECURSION = YES;
				CLANG_WARN_INT_CONVERSION = YES;
				CLANG_WARN_NON_LITERAL_NULL_CONVERSION = YES;
				CLANG_WARN_OBJC_IMPLICIT_RETAIN_SELF = YES;
				CLANG_WARN_OBJC_LITERAL_CONVERSION = YES;
				CLANG_WARN_OBJC_ROOT_CLASS = YES_ERROR;
				CLANG_WARN_QUOTED_INCLUDE_IN_FRAMEWORK_HEADER = YES;
				CLANG_WARN_RANGE_LOOP_ANALYSIS = YES;
				CLANG_WARN_STRICT_PROTOTYPES = YES;
				CLANG_WARN_SUSPICIOUS_MOVE = YES;
				CLANG_WARN_UNGUARDED_AVAILABILITY = YES_AGGRESSIVE;
				CLANG_WARN_UNREACHABLE_CODE = YES;
				CLANG_WARN__DUPLICATE_METHOD_MATCH = YES;
				COPY_PHASE_STRIP = NO;
				DEBUG_INFORMATION_FORMAT = dwarf;
				ENABLE_STRICT_OBJC_MSGSEND = YES;
				ENABLE_TESTABILITY = YES;
				ENABLE_USER_SCRIPT_SANDBOXING = YES;
				GCC_C_LANGUAGE_STANDARD = gnu17;
				GCC_DYNAMIC_NO_PIC = NO;
				GCC_NO_COMMON_BLOCKS = YES;
				GCC_OPTIMIZATION_LEVEL = 0;
				GCC_PREPROCESSOR_DEFINITIONS = (
					"DEBUG=1",
					"$(inherited)",
				);
				GCC_WARN_64_TO_32_BIT_CONVERSION = YES;
				GCC_WARN_ABOUT_RETURN_TYPE = YES_ERROR;
				GCC_WARN_UNDECLARED_SELECTOR = YES;
				GCC_WARN_UNINITIALIZED_AUTOS = YES_AGGRESSIVE;
				GCC_WARN_UNUSED_FUNCTION = YES;
				GCC_WARN_UNUSED_VARIABLE = YES;
				IPHONEOS_DEPLOYMENT_TARGET = 17.4;
				LOCALIZATION_PREFERS_STRING_CATALOGS = YES;
				MTL_ENABLE_DEBUG_INFO = INCLUDE_SOURCE;
				MTL_FAST_MATH = YES;
				ONLY_ACTIVE_ARCH = YES;
				SDKROOT = iphoneos;
				SWIFT_ACTIVE_COMPILATION_CONDITIONS = "DEBUG $(inherited)";
				SWIFT_OPTIMIZATION_LEVEL = "-Onone";
			};
			name = Debug;
		};
		84B0C0C22BA445BD00109365 /* Release */ = {
			isa = XCBuildConfiguration;
			buildSettings = {
				ALWAYS_SEARCH_USER_PATHS = NO;
				ASSETCATALOG_COMPILER_GENERATE_SWIFT_ASSET_SYMBOL_EXTENSIONS = YES;
				CLANG_ANALYZER_NONNULL = YES;
				CLANG_ANALYZER_NUMBER_OBJECT_CONVERSION = YES_AGGRESSIVE;
				CLANG_CXX_LANGUAGE_STANDARD = "gnu++20";
				CLANG_ENABLE_MODULES = YES;
				CLANG_ENABLE_OBJC_ARC = YES;
				CLANG_ENABLE_OBJC_WEAK = YES;
				CLANG_WARN_BLOCK_CAPTURE_AUTORELEASING = YES;
				CLANG_WARN_BOOL_CONVERSION = YES;
				CLANG_WARN_COMMA = YES;
				CLANG_WARN_CONSTANT_CONVERSION = YES;
				CLANG_WARN_DEPRECATED_OBJC_IMPLEMENTATIONS = YES;
				CLANG_WARN_DIRECT_OBJC_ISA_USAGE = YES_ERROR;
				CLANG_WARN_DOCUMENTATION_COMMENTS = YES;
				CLANG_WARN_EMPTY_BODY = YES;
				CLANG_WARN_ENUM_CONVERSION = YES;
				CLANG_WARN_INFINITE_RECURSION = YES;
				CLANG_WARN_INT_CONVERSION = YES;
				CLANG_WARN_NON_LITERAL_NULL_CONVERSION = YES;
				CLANG_WARN_OBJC_IMPLICIT_RETAIN_SELF = YES;
				CLANG_WARN_OBJC_LITERAL_CONVERSION = YES;
				CLANG_WARN_OBJC_ROOT_CLASS = YES_ERROR;
				CLANG_WARN_QUOTED_INCLUDE_IN_FRAMEWORK_HEADER = YES;
				CLANG_WARN_RANGE_LOOP_ANALYSIS = YES;
				CLANG_WARN_STRICT_PROTOTYPES = YES;
				CLANG_WARN_SUSPICIOUS_MOVE = YES;
				CLANG_WARN_UNGUARDED_AVAILABILITY = YES_AGGRESSIVE;
				CLANG_WARN_UNREACHABLE_CODE = YES;
				CLANG_WARN__DUPLICATE_METHOD_MATCH = YES;
				COPY_PHASE_STRIP = NO;
				DEBUG_INFORMATION_FORMAT = "dwarf-with-dsym";
				ENABLE_NS_ASSERTIONS = NO;
				ENABLE_STRICT_OBJC_MSGSEND = YES;
				ENABLE_USER_SCRIPT_SANDBOXING = YES;
				GCC_C_LANGUAGE_STANDARD = gnu17;
				GCC_NO_COMMON_BLOCKS = YES;
				GCC_WARN_64_TO_32_BIT_CONVERSION = YES;
				GCC_WARN_ABOUT_RETURN_TYPE = YES_ERROR;
				GCC_WARN_UNDECLARED_SELECTOR = YES;
				GCC_WARN_UNINITIALIZED_AUTOS = YES_AGGRESSIVE;
				GCC_WARN_UNUSED_FUNCTION = YES;
				GCC_WARN_UNUSED_VARIABLE = YES;
				IPHONEOS_DEPLOYMENT_TARGET = 17.4;
				LOCALIZATION_PREFERS_STRING_CATALOGS = YES;
				MTL_ENABLE_DEBUG_INFO = NO;
				MTL_FAST_MATH = YES;
				SDKROOT = iphoneos;
				SWIFT_COMPILATION_MODE = wholemodule;
				VALIDATE_PRODUCT = YES;
			};
			name = Release;
		};
		84B0C0C42BA445BD00109365 /* Debug */ = {
			isa = XCBuildConfiguration;
			buildSettings = {
				ASSETCATALOG_COMPILER_APPICON_NAME = AppIcon;
				ASSETCATALOG_COMPILER_GLOBAL_ACCENT_COLOR_NAME = AccentColor;
				CODE_SIGN_STYLE = Automatic;
				CURRENT_PROJECT_VERSION = 1;
				DEVELOPMENT_ASSET_PATHS = "\"IosFirebaseLogin/Preview Content\"";
				DEVELOPMENT_TEAM = JR75GG23WH;
				ENABLE_PREVIEWS = YES;
				GENERATE_INFOPLIST_FILE = YES;
				INFOPLIST_KEY_UIApplicationSceneManifest_Generation = YES;
				INFOPLIST_KEY_UIApplicationSupportsIndirectInputEvents = YES;
				INFOPLIST_KEY_UILaunchScreen_Generation = YES;
				INFOPLIST_KEY_UISupportedInterfaceOrientations_iPad = "UIInterfaceOrientationPortrait UIInterfaceOrientationPortraitUpsideDown UIInterfaceOrientationLandscapeLeft UIInterfaceOrientationLandscapeRight";
				INFOPLIST_KEY_UISupportedInterfaceOrientations_iPhone = "UIInterfaceOrientationPortrait UIInterfaceOrientationLandscapeLeft UIInterfaceOrientationLandscapeRight";
				LD_RUNPATH_SEARCH_PATHS = (
					"$(inherited)",
					"@executable_path/Frameworks",
				);
				MARKETING_VERSION = 1.0;
				PRODUCT_BUNDLE_IDENTIFIER = com.appstesting.IosFirebaseLogin;
				PRODUCT_NAME = "$(TARGET_NAME)";
				SWIFT_EMIT_LOC_STRINGS = YES;
				SWIFT_VERSION = 5.0;
				TARGETED_DEVICE_FAMILY = "1,2";
			};
			name = Debug;
		};
		84B0C0C52BA445BD00109365 /* Release */ = {
			isa = XCBuildConfiguration;
			buildSettings = {
				ASSETCATALOG_COMPILER_APPICON_NAME = AppIcon;
				ASSETCATALOG_COMPILER_GLOBAL_ACCENT_COLOR_NAME = AccentColor;
				CODE_SIGN_STYLE = Automatic;
				CURRENT_PROJECT_VERSION = 1;
				DEVELOPMENT_ASSET_PATHS = "\"IosFirebaseLogin/Preview Content\"";
				DEVELOPMENT_TEAM = JR75GG23WH;
				ENABLE_PREVIEWS = YES;
				GENERATE_INFOPLIST_FILE = YES;
				INFOPLIST_KEY_UIApplicationSceneManifest_Generation = YES;
				INFOPLIST_KEY_UIApplicationSupportsIndirectInputEvents = YES;
				INFOPLIST_KEY_UILaunchScreen_Generation = YES;
				INFOPLIST_KEY_UISupportedInterfaceOrientations_iPad = "UIInterfaceOrientationPortrait UIInterfaceOrientationPortraitUpsideDown UIInterfaceOrientationLandscapeLeft UIInterfaceOrientationLandscapeRight";
				INFOPLIST_KEY_UISupportedInterfaceOrientations_iPhone = "UIInterfaceOrientationPortrait UIInterfaceOrientationLandscapeLeft UIInterfaceOrientationLandscapeRight";
				LD_RUNPATH_SEARCH_PATHS = (
					"$(inherited)",
					"@executable_path/Frameworks",
				);
				MARKETING_VERSION = 1.0;
				PRODUCT_BUNDLE_IDENTIFIER = com.appstesting.IosFirebaseLogin;
				PRODUCT_NAME = "$(TARGET_NAME)";
				SWIFT_EMIT_LOC_STRINGS = YES;
				SWIFT_VERSION = 5.0;
				TARGETED_DEVICE_FAMILY = "1,2";
			};
			name = Release;
		};
/* End XCBuildConfiguration section */

/* Begin XCConfigurationList section */
		84B0C0B02BA445BC00109365 /* Build configuration list for PBXProject "IosFirebaseLogin" */ = {
			isa = XCConfigurationList;
			buildConfigurations = (
				84B0C0C12BA445BD00109365 /* Debug */,
				84B0C0C22BA445BD00109365 /* Release */,
			);
			defaultConfigurationIsVisible = 0;
			defaultConfigurationName = Release;
		};
		84B0C0C32BA445BD00109365 /* Build configuration list for PBXNativeTarget "IosFirebaseLogin" */ = {
			isa = XCConfigurationList;
			buildConfigurations = (
				84B0C0C42BA445BD00109365 /* Debug */,
				84B0C0C52BA445BD00109365 /* Release */,
			);
			defaultConfigurationIsVisible = 0;
			defaultConfigurationName = Release;
		};
/* End XCConfigurationList section */

/* Begin XCRemoteSwiftPackageReference section */
		84D25B1D2BA4518300CB044D /* XCRemoteSwiftPackageReference "firebase-ios-sdk" */ = {
			isa = XCRemoteSwiftPackageReference;
			repositoryURL = "https://github.com/firebase/firebase-ios-sdk";
			requirement = {
				kind = upToNextMajorVersion;
				minimumVersion = 10.22.1;
			};
		};
		84D25B262BA452F300CB044D /* XCRemoteSwiftPackageReference "GoogleSignIn-iOS" */ = {
			isa = XCRemoteSwiftPackageReference;
			repositoryURL = "https://github.com/google/GoogleSignIn-iOS";
			requirement = {
				kind = upToNextMajorVersion;
				minimumVersion = 7.0.0;
			};
		};
/* End XCRemoteSwiftPackageReference section */

/* Begin XCSwiftPackageProductDependency section */
		843AE74B2BA46BAD00EB2881 /* FirebaseFirestore */ = {
			isa = XCSwiftPackageProductDependency;
			package = 84D25B1D2BA4518300CB044D /* XCRemoteSwiftPackageReference "firebase-ios-sdk" */;
			productName = FirebaseFirestore;
		};
		84D25B1E2BA4518300CB044D /* FirebaseAnalyticsSwift */ = {
			isa = XCSwiftPackageProductDependency;
			package = 84D25B1D2BA4518300CB044D /* XCRemoteSwiftPackageReference "firebase-ios-sdk" */;
			productName = FirebaseAnalyticsSwift;
		};
		84D25B202BA4518300CB044D /* FirebaseAuth */ = {
			isa = XCSwiftPackageProductDependency;
			package = 84D25B1D2BA4518300CB044D /* XCRemoteSwiftPackageReference "firebase-ios-sdk" */;
			productName = FirebaseAuth;
		};
		84D25B222BA4518300CB044D /* FirebaseFirestoreSwift */ = {
			isa = XCSwiftPackageProductDependency;
			package = 84D25B1D2BA4518300CB044D /* XCRemoteSwiftPackageReference "firebase-ios-sdk" */;
			productName = FirebaseFirestoreSwift;
		};
		84D25B272BA452F300CB044D /* GoogleSignInSwift */ = {
			isa = XCSwiftPackageProductDependency;
			package = 84D25B262BA452F300CB044D /* XCRemoteSwiftPackageReference "GoogleSignIn-iOS" */;
			productName = GoogleSignInSwift;
		};
/* End XCSwiftPackageProductDependency section */
	};
	rootObject = 84B0C0AD2BA445BC00109365 /* Project object */;
}
